lockfileVersion: '9.0'

settings:
  autoInstallPeers: true
  excludeLinksFromLockfile: false

importers:

  .:
    dependencies:
      '@dnd-kit/core':
        specifier: ^6.1.0
        version: 6.1.0(react-dom@18.3.1(react@18.3.1))(react@18.3.1)
      '@dnd-kit/sortable':
        specifier: ^8.0.0
        version: 8.0.0(@dnd-kit/core@6.1.0(react-dom@18.3.1(react@18.3.1))(react@18.3.1))(react@18.3.1)
      '@dnd-kit/utilities':
        specifier: ^3.2.2
        version: 3.2.2(react@18.3.1)
      dayjs:
        specifier: ^1.11.13
        version: 1.11.13

packages:

  '@dnd-kit/accessibility@3.1.0':
    resolution: {integrity: sha512-ea7IkhKvlJUv9iSHJOnxinBcoOI3ppGnnL+VDJ75O45Nss6HtZd8IdN8touXPDtASfeI2T2LImb8VOZcL47wjQ==}
    peerDependencies:
      react: '>=16.8.0'

  '@dnd-kit/core@6.1.0':
    resolution: {integrity: sha512-J3cQBClB4TVxwGo3KEjssGEXNJqGVWx17aRTZ1ob0FliR5IjYgTxl5YJbKTzA6IzrtelotH19v6y7uoIRUZPSg==}
    peerDependencies:
      react: '>=16.8.0'
      react-dom: '>=16.8.0'

  '@dnd-kit/sortable@8.0.0':
    resolution: {integrity: sha512-U3jk5ebVXe1Lr7c2wU7SBZjcWdQP+j7peHJfCspnA81enlu88Mgd7CC8Q+pub9ubP7eKVETzJW+IBAhsqbSu/g==}
    peerDependencies:
      '@dnd-kit/core': ^6.1.0
      react: '>=16.8.0'

  '@dnd-kit/utilities@3.2.2':
    resolution: {integrity: sha512-+MKAJEOfaBe5SmV6t34p80MMKhjvUz0vRrvVJbPT0WElzaOJ/1xs+D+KDv+tD/NE5ujfrChEcshd4fLn0wpiqg==}
    peerDependencies:
      react: '>=16.8.0'

  dayjs@1.11.13:
    resolution: {integrity: sha512-oaMBel6gjolK862uaPQOVTA7q3TZhuSvuMQAAglQDOWYO9A91IrAOUJEyKVlqJlHE0vq5p5UXxzdPfMH/x6xNg==}

  js-tokens@4.0.0:
    resolution: {integrity: sha512-RdJUflcE3cUzKiMqQgsCu06FPu9UdIJO0beYbPhHN4k6apgJtifcoCtT9bcxOpYBtpD2kCM6Sbzg4CausW/PKQ==}

  loose-envify@1.4.0:
    resolution: {integrity: sha512-lyuxPGr/Wfhrlem2CL/UcnUc1zcqKAImBDzukY7Y5F/yQiNdko6+fRLevlw1HgMySw7f611UIY408EtxRSoK3Q==}
    hasBin: true

  react-dom@18.3.1:
    resolution: {integrity: sha512-5m4nQKp+rZRb09LNH59GM4BxTh9251/ylbKIbpe7TpGxfJ+9kv6BLkLBXIjjspbgbnIBNqlI23tRnTWT0snUIw==}
    peerDependencies:
      react: ^18.3.1

  react@18.3.1:
    resolution: {integrity: sha512-wS+hAgJShR0KhEvPJArfuPVN1+Hz1t0Y6n5jLrGQbkb4urgPE/0Rve+1kMB1v/oWgHgm4WIcV+i7F2pTVj+2iQ==}
    engines: {node: '>=0.10.0'}

  scheduler@0.23.2:
    resolution: {integrity: sha512-UOShsPwz7NrMUqhR6t0hWjFduvOzbtv7toDH1/hIrfRNIDBnnBWd0CwJTGvTpngVlmwGCdP9/Zl/tVrDqcuYzQ==}

  tslib@2.7.0:
    resolution: {integrity: sha512-gLXCKdN1/j47AiHiOkJN69hJmcbGTHI0ImLmbYLHykhgeN0jVGola9yVjFgzCUklsZQMW55o+dW7IXv3RCXDzA==}

snapshots:

  '@dnd-kit/accessibility@3.1.0(react@18.3.1)':
    dependencies:
      react: 18.3.1
      tslib: 2.7.0

  '@dnd-kit/core@6.1.0(react-dom@18.3.1(react@18.3.1))(react@18.3.1)':
    dependencies:
      '@dnd-kit/accessibility': 3.1.0(react@18.3.1)
      '@dnd-kit/utilities': 3.2.2(react@18.3.1)
      react: 18.3.1
      react-dom: 18.3.1(react@18.3.1)
      tslib: 2.7.0

  '@dnd-kit/sortable@8.0.0(@dnd-kit/core@6.1.0(react-dom@18.3.1(react@18.3.1))(react@18.3.1))(react@18.3.1)':
    dependencies:
      '@dnd-kit/core': 6.1.0(react-dom@18.3.1(react@18.3.1))(react@18.3.1)
      '@dnd-kit/utilities': 3.2.2(react@18.3.1)
      react: 18.3.1
      tslib: 2.7.0

  '@dnd-kit/utilities@3.2.2(react@18.3.1)':
    dependencies:
      react: 18.3.1
      tslib: 2.7.0

  dayjs@1.11.13: {}

  js-tokens@4.0.0: {}

  loose-envify@1.4.0:
    dependencies:
      js-tokens: 4.0.0

  react-dom@18.3.1(react@18.3.1):
    dependencies:
      loose-envify: 1.4.0
      react: 18.3.1
      scheduler: 0.23.2

  react@18.3.1:
    dependencies:
      loose-envify: 1.4.0

  scheduler@0.23.2:
    dependencies:
      loose-envify: 1.4.0

  tslib@2.7.0: {}
